
Microsoft Visual Studio Solution File, Format Version 12.00
# Visual Studio Version 16
VisualStudioVersion = 16.0.29418.71
MinimumVisualStudioVersion = 10.0.40219.1
Project("{FAE04EC0-301F-11D3-BF4B-00C04F79EFBC}") = "Examen_Tercer_Parcial", "Examen_Tercer_Parcial\Examen_Tercer_Parcial.csproj", "{3455CA0E-BBD4-48E9-9452-7E7001B0A5ED}"
EndProject
Global
	GlobalSection(SolutionConfigurationPlatforms) = preSolution
		Debug|Any CPU = Debug|Any CPU
		Release|Any CPU = Release|Any CPU
	EndGlobalSection
	GlobalSection(ProjectConfigurationPlatforms) = postSolution
		{3455CA0E-BBD4-48E9-9452-7E7001B0A5ED}.Debug|Any CPU.ActiveCfg = Debug|Any CPU
		{3455CA0E-BBD4-48E9-9452-7E7001B0A5ED}.Debug|Any CPU.Build.0 = Debug|Any CPU
		{3455CA0E-BBD4-48E9-9452-7E7001B0A5ED}.Release|Any CPU.ActiveCfg = Release|Any CPU
		{3455CA0E-BBD4-48E9-9452-7E7001B0A5ED}.Release|Any CPU.Build.0 = Release|Any CPU
	EndGlobalSection
	GlobalSection(SolutionProperties) = preSolution
		HideSolutionNode = FALSE
	EndGlobalSection
	GlobalSection(ExtensibilityGlobals) = postSolution
		SolutionGuid = {588C4FEE-07EA-45C6-AB77-34CB245E5D1A}
	EndGlobalSection
EndGlobal
